
Microsoft Visual Studio Solution File, Format Version 12.00
# Visual Studio Version 16
VisualStudioVersion = 16.0.30611.23
MinimumVisualStudioVersion = 10.0.40219.1
Project("{FAE04EC0-301F-11D3-BF4B-00C04F79EFBC}") = "CarsForever", "CarsForever\CarsForever.csproj", "{973B7708-5F7E-4528-A766-856424CA11B8}"
EndProject
Global
	GlobalSection(SolutionConfigurationPlatforms) = preSolution
		Debug|Any CPU = Debug|Any CPU
		Release|Any CPU = Release|Any CPU
	EndGlobalSection
	GlobalSection(ProjectConfigurationPlatforms) = postSolution
		{973B7708-5F7E-4528-A766-856424CA11B8}.Debug|Any CPU.ActiveCfg = Debug|Any CPU
		{973B7708-5F7E-4528-A766-856424CA11B8}.Debug|Any CPU.Build.0 = Debug|Any CPU
		{973B7708-5F7E-4528-A766-856424CA11B8}.Release|Any CPU.ActiveCfg = Release|Any CPU
		{973B7708-5F7E-4528-A766-856424CA11B8}.Release|Any CPU.Build.0 = Release|Any CPU
	EndGlobalSection
	GlobalSection(SolutionProperties) = preSolution
		HideSolutionNode = FALSE
	EndGlobalSection
	GlobalSection(ExtensibilityGlobals) = postSolution
		SolutionGuid = {437D6C7A-48C5-4FBC-9237-FB5142C1574C}
	EndGlobalSection
EndGlobal
